
Microsoft Visual Studio Solution File, Format Version 12.00
# Visual Studio Version 16
VisualStudioVersion = 16.0.28803.452
MinimumVisualStudioVersion = 10.0.40219.1
Project("{9A19103F-16F7-4668-BE54-9A1E7A4F7556}") = "LogDashboard", "src\LogDashboard\LogDashboard.csproj", "{A005DD97-96F5-402D-935C-1232E6B41F5F}"
EndProject
Project("{9A19103F-16F7-4668-BE54-9A1E7A4F7556}") = "NetCoreEmptyTest", "test\NetCoreEmptyTest\NetCoreEmptyTest.csproj", "{8F92E7EE-9679-49A7-9AB1-65F5B7C905A4}"
EndProject
Project("{2150E333-8FDC-42A3-9474-1A3956D46DE8}") = "src", "src", "{23C6BF8F-66F8-42DA-A2F9-6C1699C73687}"
EndProject
Project("{2150E333-8FDC-42A3-9474-1A3956D46DE8}") = "test", "test", "{8A7576A6-2F87-4572-8B04-3CA141C619E2}"
EndProject
Project("{2150E333-8FDC-42A3-9474-1A3956D46DE8}") = "samples", "samples", "{B7E1C8E9-D9C1-4687-851E-24A6F3240108}"
	ProjectSection(SolutionItems) = preProject
		src\LogDashboard\logo.png = src\LogDashboard\logo.png
	EndProjectSection
EndProject
Project("{9A19103F-16F7-4668-BE54-9A1E7A4F7556}") = "DotNetCoreEmptyUseNlog", "samples\DotNetCoreEmptyUseNlog\DotNetCoreEmptyUseNlog.csproj", "{B9D91B2E-9C22-4063-B3D0-CF58D2D54E16}"
EndProject
Project("{9A19103F-16F7-4668-BE54-9A1E7A4F7556}") = "CustomLogModel", "samples\CustomLogModel\CustomLogModel.csproj", "{3FB6E812-4EC1-47D5-A2CF-F27D58502C8D}"
EndProject
Project("{9A19103F-16F7-4668-BE54-9A1E7A4F7556}") = "UseAuthorization", "samples\UseAuthorization\UseAuthorization.csproj", "{37454222-9159-4004-B708-711B159DE42A}"
EndProject
Project("{9A19103F-16F7-4668-BE54-9A1E7A4F7556}") = "DatabaseSource", "samples\DatabaseSource\DatabaseSource.csproj", "{31F4F7A8-6A86-4077-8D51-49DB90B6082A}"
EndProject
Project("{9A19103F-16F7-4668-BE54-9A1E7A4F7556}") = "UseLog4net", "samples\UseLog4net\UseLog4net.csproj", "{B867F7D7-EB26-4C9A-AF62-905BDAADC42E}"
EndProject
Project("{9A19103F-16F7-4668-BE54-9A1E7A4F7556}") = "StructuredLog", "samples\StructuredLog\StructuredLog.csproj", "{566D56EF-0B1A-4E96-A3AA-DC00EDFCBE39}"
EndProject
Project("{9A19103F-16F7-4668-BE54-9A1E7A4F7556}") = "RequestTracking", "samples\RequestTracking\RequestTracking.csproj", "{CE4C8BDA-1960-4F96-9238-DFD4F9E76028}"
EndProject
Project("{9A19103F-16F7-4668-BE54-9A1E7A4F7556}") = "UseSerilog", "samples\UseSerilog\UseSerilog.csproj", "{05DAB10F-93AA-487F-B2F2-0CC7FF459A3E}"
EndProject
Global
	GlobalSection(SolutionConfigurationPlatforms) = preSolution
		Debug|Any CPU = Debug|Any CPU
		Release|Any CPU = Release|Any CPU
	EndGlobalSection
	GlobalSection(ProjectConfigurationPlatforms) = postSolution
		{A005DD97-96F5-402D-935C-1232E6B41F5F}.Debug|Any CPU.ActiveCfg = Debug|Any CPU
		{A005DD97-96F5-402D-935C-1232E6B41F5F}.Debug|Any CPU.Build.0 = Debug|Any CPU
		{A005DD97-96F5-402D-935C-1232E6B41F5F}.Release|Any CPU.ActiveCfg = Release|Any CPU
		{A005DD97-96F5-402D-935C-1232E6B41F5F}.Release|Any CPU.Build.0 = Release|Any CPU
		{8F92E7EE-9679-49A7-9AB1-65F5B7C905A4}.Debug|Any CPU.ActiveCfg = Debug|Any CPU
		{8F92E7EE-9679-49A7-9AB1-65F5B7C905A4}.Debug|Any CPU.Build.0 = Debug|Any CPU
		{8F92E7EE-9679-49A7-9AB1-65F5B7C905A4}.Release|Any CPU.ActiveCfg = Release|Any CPU
		{8F92E7EE-9679-49A7-9AB1-65F5B7C905A4}.Release|Any CPU.Build.0 = Release|Any CPU
		{B9D91B2E-9C22-4063-B3D0-CF58D2D54E16}.Debug|Any CPU.ActiveCfg = Debug|Any CPU
		{B9D91B2E-9C22-4063-B3D0-CF58D2D54E16}.Debug|Any CPU.Build.0 = Debug|Any CPU
		{B9D91B2E-9C22-4063-B3D0-CF58D2D54E16}.Release|Any CPU.ActiveCfg = Release|Any CPU
		{B9D91B2E-9C22-4063-B3D0-CF58D2D54E16}.Release|Any CPU.Build.0 = Release|Any CPU
		{3FB6E812-4EC1-47D5-A2CF-F27D58502C8D}.Debug|Any CPU.ActiveCfg = Debug|Any CPU
		{3FB6E812-4EC1-47D5-A2CF-F27D58502C8D}.Debug|Any CPU.Build.0 = Debug|Any CPU
		{3FB6E812-4EC1-47D5-A2CF-F27D58502C8D}.Release|Any CPU.ActiveCfg = Release|Any CPU
		{3FB6E812-4EC1-47D5-A2CF-F27D58502C8D}.Release|Any CPU.Build.0 = Release|Any CPU
		{37454222-9159-4004-B708-711B159DE42A}.Debug|Any CPU.ActiveCfg = Debug|Any CPU
		{37454222-9159-4004-B708-711B159DE42A}.Debug|Any CPU.Build.0 = Debug|Any CPU
		{37454222-9159-4004-B708-711B159DE42A}.Release|Any CPU.ActiveCfg = Release|Any CPU
		{37454222-9159-4004-B708-711B159DE42A}.Release|Any CPU.Build.0 = Release|Any CPU
		{31F4F7A8-6A86-4077-8D51-49DB90B6082A}.Debug|Any CPU.ActiveCfg = Debug|Any CPU
		{31F4F7A8-6A86-4077-8D51-49DB90B6082A}.Debug|Any CPU.Build.0 = Debug|Any CPU
		{31F4F7A8-6A86-4077-8D51-49DB90B6082A}.Release|Any CPU.ActiveCfg = Release|Any CPU
		{31F4F7A8-6A86-4077-8D51-49DB90B6082A}.Release|Any CPU.Build.0 = Release|Any CPU
		{B867F7D7-EB26-4C9A-AF62-905BDAADC42E}.Debug|Any CPU.ActiveCfg = Debug|Any CPU
		{B867F7D7-EB26-4C9A-AF62-905BDAADC42E}.Debug|Any CPU.Build.0 = Debug|Any CPU
		{B867F7D7-EB26-4C9A-AF62-905BDAADC42E}.Release|Any CPU.ActiveCfg = Release|Any CPU
		{B867F7D7-EB26-4C9A-AF62-905BDAADC42E}.Release|Any CPU.Build.0 = Release|Any CPU
		{566D56EF-0B1A-4E96-A3AA-DC00EDFCBE39}.Debug|Any CPU.ActiveCfg = Debug|Any CPU
		{566D56EF-0B1A-4E96-A3AA-DC00EDFCBE39}.Debug|Any CPU.Build.0 = Debug|Any CPU
		{566D56EF-0B1A-4E96-A3AA-DC00EDFCBE39}.Release|Any CPU.ActiveCfg = Release|Any CPU
		{566D56EF-0B1A-4E96-A3AA-DC00EDFCBE39}.Release|Any CPU.Build.0 = Release|Any CPU
		{CE4C8BDA-1960-4F96-9238-DFD4F9E76028}.Debug|Any CPU.ActiveCfg = Debug|Any CPU
		{CE4C8BDA-1960-4F96-9238-DFD4F9E76028}.Debug|Any CPU.Build.0 = Debug|Any CPU
		{CE4C8BDA-1960-4F96-9238-DFD4F9E76028}.Release|Any CPU.ActiveCfg = Release|Any CPU
		{CE4C8BDA-1960-4F96-9238-DFD4F9E76028}.Release|Any CPU.Build.0 = Release|Any CPU
		{05DAB10F-93AA-487F-B2F2-0CC7FF459A3E}.Debug|Any CPU.ActiveCfg = Debug|Any CPU
		{05DAB10F-93AA-487F-B2F2-0CC7FF459A3E}.Debug|Any CPU.Build.0 = Debug|Any CPU
		{05DAB10F-93AA-487F-B2F2-0CC7FF459A3E}.Release|Any CPU.ActiveCfg = Release|Any CPU
		{05DAB10F-93AA-487F-B2F2-0CC7FF459A3E}.Release|Any CPU.Build.0 = Release|Any CPU
	EndGlobalSection
	GlobalSection(SolutionProperties) = preSolution
		HideSolutionNode = FALSE
	EndGlobalSection
	GlobalSection(NestedProjects) = preSolution
		{A005DD97-96F5-402D-935C-1232E6B41F5F} = {23C6BF8F-66F8-42DA-A2F9-6C1699C73687}
		{8F92E7EE-9679-49A7-9AB1-65F5B7C905A4} = {8A7576A6-2F87-4572-8B04-3CA141C619E2}
		{B9D91B2E-9C22-4063-B3D0-CF58D2D54E16} = {B7E1C8E9-D9C1-4687-851E-24A6F3240108}
		{3FB6E812-4EC1-47D5-A2CF-F27D58502C8D} = {B7E1C8E9-D9C1-4687-851E-24A6F3240108}
		{37454222-9159-4004-B708-711B159DE42A} = {B7E1C8E9-D9C1-4687-851E-24A6F3240108}
		{31F4F7A8-6A86-4077-8D51-49DB90B6082A} = {B7E1C8E9-D9C1-4687-851E-24A6F3240108}
		{B867F7D7-EB26-4C9A-AF62-905BDAADC42E} = {B7E1C8E9-D9C1-4687-851E-24A6F3240108}
		{566D56EF-0B1A-4E96-A3AA-DC00EDFCBE39} = {B7E1C8E9-D9C1-4687-851E-24A6F3240108}
		{CE4C8BDA-1960-4F96-9238-DFD4F9E76028} = {B7E1C8E9-D9C1-4687-851E-24A6F3240108}
		{05DAB10F-93AA-487F-B2F2-0CC7FF459A3E} = {B7E1C8E9-D9C1-4687-851E-24A6F3240108}
	EndGlobalSection
	GlobalSection(ExtensibilityGlobals) = postSolution
		SolutionGuid = {E1C93D2C-3B11-4264-A897-A591D4C910E9}
	EndGlobalSection
EndGlobal
