
Microsoft Visual Studio Solution File, Format Version 12.00
# Visual Studio 15
VisualStudioVersion = 15.0.27703.2000
MinimumVisualStudioVersion = 10.0.40219.1
Project("{9A19103F-16F7-4668-BE54-9A1E7A4F7556}") = "NlogDashboard", "NlogDashboard\NlogDashboard.csproj", "{A005DD97-96F5-402D-935C-1232E6B41F5F}"
EndProject
Project("{2150E333-8FDC-42A3-9474-1A3956D46DE8}") = "src", "src", "{19B4218B-E88A-4C0C-9875-EFB9D986FAD4}"
EndProject
Project("{2150E333-8FDC-42A3-9474-1A3956D46DE8}") = "test", "test", "{A21F8469-49B1-4FCD-9085-87BF282B31C1}"
EndProject
Project("{FAE04EC0-301F-11D3-BF4B-00C04F79EFBC}") = "NetCoreEmptyTest", "NetCoreEmptyTest\NetCoreEmptyTest.csproj", "{8F92E7EE-9679-49A7-9AB1-65F5B7C905A4}"
EndProject
Global
	GlobalSection(SolutionConfigurationPlatforms) = preSolution
		Debug|Any CPU = Debug|Any CPU
		Release|Any CPU = Release|Any CPU
	EndGlobalSection
	GlobalSection(ProjectConfigurationPlatforms) = postSolution
		{A005DD97-96F5-402D-935C-1232E6B41F5F}.Debug|Any CPU.ActiveCfg = Debug|Any CPU
		{A005DD97-96F5-402D-935C-1232E6B41F5F}.Debug|Any CPU.Build.0 = Debug|Any CPU
		{A005DD97-96F5-402D-935C-1232E6B41F5F}.Release|Any CPU.ActiveCfg = Release|Any CPU
		{A005DD97-96F5-402D-935C-1232E6B41F5F}.Release|Any CPU.Build.0 = Release|Any CPU
		{8F92E7EE-9679-49A7-9AB1-65F5B7C905A4}.Debug|Any CPU.ActiveCfg = Debug|Any CPU
		{8F92E7EE-9679-49A7-9AB1-65F5B7C905A4}.Debug|Any CPU.Build.0 = Debug|Any CPU
		{8F92E7EE-9679-49A7-9AB1-65F5B7C905A4}.Release|Any CPU.ActiveCfg = Release|Any CPU
		{8F92E7EE-9679-49A7-9AB1-65F5B7C905A4}.Release|Any CPU.Build.0 = Release|Any CPU
	EndGlobalSection
	GlobalSection(SolutionProperties) = preSolution
		HideSolutionNode = FALSE
	EndGlobalSection
	GlobalSection(NestedProjects) = preSolution
		{A005DD97-96F5-402D-935C-1232E6B41F5F} = {19B4218B-E88A-4C0C-9875-EFB9D986FAD4}
		{8F92E7EE-9679-49A7-9AB1-65F5B7C905A4} = {A21F8469-49B1-4FCD-9085-87BF282B31C1}
	EndGlobalSection
	GlobalSection(ExtensibilityGlobals) = postSolution
		SolutionGuid = {E1C93D2C-3B11-4264-A897-A591D4C910E9}
	EndGlobalSection
EndGlobal
